
Microsoft Visual Studio Solution File, Format Version 12.00
# Visual Studio Version 16
VisualStudioVersion = 16.0.31019.35
MinimumVisualStudioVersion = 10.0.40219.1
Project("{FAE04EC0-301F-11D3-BF4B-00C04F79EFBC}") = "OnlineTicariOtomasyon", "OnlineTicariOtomasyon.csproj", "{23460DF1-AE55-460E-8BBF-BF39CD35582D}"
EndProject
Global
	GlobalSection(SolutionConfigurationPlatforms) = preSolution
		Debug|Any CPU = Debug|Any CPU
		Release|Any CPU = Release|Any CPU
	EndGlobalSection
	GlobalSection(ProjectConfigurationPlatforms) = postSolution
		{23460DF1-AE55-460E-8BBF-BF39CD35582D}.Debug|Any CPU.ActiveCfg = Debug|Any CPU
		{23460DF1-AE55-460E-8BBF-BF39CD35582D}.Debug|Any CPU.Build.0 = Debug|Any CPU
		{23460DF1-AE55-460E-8BBF-BF39CD35582D}.Release|Any CPU.ActiveCfg = Release|Any CPU
		{23460DF1-AE55-460E-8BBF-BF39CD35582D}.Release|Any CPU.Build.0 = Release|Any CPU
	EndGlobalSection
	GlobalSection(SolutionProperties) = preSolution
		HideSolutionNode = FALSE
	EndGlobalSection
	GlobalSection(ExtensibilityGlobals) = postSolution
		SolutionGuid = {CADEE05B-5173-410D-B646-2CEEAA4EEF14}
	EndGlobalSection
EndGlobal
